{
  "name": "assets",
  "version": "1.0.0",
  "lockfileVersion": 2,
  "requires": true,
  "packages": {
    "": {
      "name": "assets",
      "version": "1.0.0",
      "license": "ISC",
      "dependencies": {
        "amqp": "^0.2.7",
        "async": "^0.1.22",
        "beanpoll": "^0.2.19",
        "cashew": "^0.0.5",
        "colors": "^0.5.1",
        "comerr": "^0.0.9",
        "crema": "^0.1.5",
        "disposable": "^0.0.5",
        "dolce": "^0.0.14",
        "dref": "^0.0.6",
        "eyes": "^0.1.8",
        "lodash": "^4.17.21",
        "loggly": "^0.3.11",
        "mesh-winston": "^0.0.1",
        "node-fs": "^0.1.7",
        "outcome": "^0.0.18",
        "pkginfo": "^0.2.3",
        "plugin": "^0.1.0",
        "request": "^2.9.203",
        "sift": "^17.1.3",
        "sprintf": "^0.1.5",
        "stack-trace": "^0.0.10",
        "strscanner": "^0.0.8",
        "structr": "^0.1.3",
        "timespan": "^2.3.0",
        "tq": "^0.0.1",
        "type-component": "^0.0.1",
        "underscore": "^1.2.2",
        "vine": "^0.0.14",
        "winston": "^0.5.11",
        "yaconfig": "^0.0.4"
      },
      "devDependencies": {
        "daisy": "^0.2.0",
        "daisyui": "^4.12.10"
      }
    },
    "node_modules/amqp": {
      "version": "0.2.7",
      "resolved": "git+ssh://git@github.com/postwait/node-amqp.git#0bc3ffab79dd62f3579571579e3e52a4eb2df0c1",
      "dependencies": {
        "lodash": "^4.0.0"
      }
    },
    "node_modules/async": {
      "version": "0.1.22",
      "resolved": "https://registry.npmjs.org/async/-/async-0.1.22.tgz",
      "integrity": "sha512-2tEzliJmf5fHNafNwQLJXUasGzQCVctvsNkXmnlELHwypU0p08/rHohYvkqKIjyXpx+0rkrYv6QbhJ+UF4QkBg==",
      "engines": {
        "node": "*"
      }
    },
    "node_modules/beanpoll": {
      "version": "0.2.19",
      "resolved": "https://registry.npmjs.org/beanpoll/-/beanpoll-0.2.19.tgz",
      "integrity": "sha512-YBV1sLvQCePu2JkIbsV+1WexA2i8ssos4rPxX2vQjJhqWgSK906lhyDTyqPd2YZAT3WCLaeM56x4bEjiAktfhA==",
      "dependencies": {
        "comerr": "0.0.x",
        "crema": "<0.2.0",
        "disposable": "*",
        "dolce": "<0.2.0",
        "outcome": "<0.2.0",
        "underscore": "*"
      }
    },
    "node_modules/camelcase-css": {
      "version": "2.0.1",
      "resolved": "https://registry.npmjs.org/camelcase-css/-/camelcase-css-2.0.1.tgz",
      "integrity": "sha512-QOSvevhslijgYwRx6Rv7zKdMF8lbRmx+uQGx2+vDc+KI/eBnsy9kit5aj23AgGu3pa4t9AgwbnXWqS+iOY+2aA==",
      "dev": true,
      "engines": {
        "node": ">= 6"
      }
    },
    "node_modules/cashew": {
      "version": "0.0.5",
      "resolved": "https://registry.npmjs.org/cashew/-/cashew-0.0.5.tgz",
      "integrity": "sha512-Wz1ZeO+35S0ZpUre9JhvQQklxMM/miMbj7K2VF262iMXoP6fu1fBGolGRdCCA3rOjE4vEXWLyWasCHykIkRNug==",
      "dependencies": {
        "structr": "*"
      },
      "engines": {
        "node": "*"
      }
    },
    "node_modules/colors": {
      "version": "0.5.1",
      "resolved": "https://registry.npmjs.org/colors/-/colors-0.5.1.tgz",
      "integrity": "sha512-XjsuUwpDeY98+yz959OlUK6m7mLBM+1MEG5oaenfuQnNnrQk1WvtcvFgN3FNDP3f2NmZ211t0mNEfSEN1h0eIg==",
      "engines": {
        "node": ">=0.1.90"
      }
    },
    "node_modules/comerr": {
      "version": "0.0.9",
      "resolved": "https://registry.npmjs.org/comerr/-/comerr-0.0.9.tgz",
      "integrity": "sha512-jVoXtdEY1ntDzwARfeqUoQG1MNNVsIz2jjeM2m6PLkvJoJlhZoo0SAtOCUAvtrPI4wGskrzpkXTOpXk5FyIejQ=="
    },
    "node_modules/crema": {
      "version": "0.1.5",
      "resolved": "https://registry.npmjs.org/crema/-/crema-0.1.5.tgz",
      "integrity": "sha512-GUZY3C6YM9+13yiu1pzVBIt4fKWuWmbcY9Vh6exxHQIdxK/OXNg+gP3CVhjRhesQt/pD1+iCaiZ08BZROTGDGg==",
      "dependencies": {
        "strscanner": "0.0.x"
      }
    },
    "node_modules/css-selector-tokenizer": {
      "version": "0.8.0",
      "resolved": "https://registry.npmjs.org/css-selector-tokenizer/-/css-selector-tokenizer-0.8.0.tgz",
      "integrity": "sha512-Jd6Ig3/pe62/qe5SBPTN8h8LeUg/pT4lLgtavPf7updwwHpvFzxvOQBHYj2LZDMjUnBzgvIUSjRcf6oT5HzHFg==",
      "dev": true,
      "dependencies": {
        "cssesc": "^3.0.0",
        "fastparse": "^1.1.2"
      }
    },
    "node_modules/cssesc": {
      "version": "3.0.0",
      "resolved": "https://registry.npmjs.org/cssesc/-/cssesc-3.0.0.tgz",
      "integrity": "sha512-/Tb/JcjK111nNScGob5MNtsntNM1aCNUDipB/TkwZFhyDrrE47SOx/18wF2bbjgc3ZzCSKW1T5nt5EbFoAz/Vg==",
      "dev": true,
      "bin": {
        "cssesc": "bin/cssesc"
      },
      "engines": {
        "node": ">=4"
      }
    },
    "node_modules/culori": {
      "version": "3.3.0",
      "resolved": "https://registry.npmjs.org/culori/-/culori-3.3.0.tgz",
      "integrity": "sha512-pHJg+jbuFsCjz9iclQBqyL3B2HLCBF71BwVNujUYEvCeQMvV97R59MNK3R2+jgJ3a1fcZgI9B3vYgz8lzr/BFQ==",
      "dev": true,
      "engines": {
        "node": "^12.20.0 || ^14.13.1 || >=16.0.0"
      }
    },
    "node_modules/daisy": {
      "version": "0.2.0",
      "resolved": "https://registry.npmjs.org/daisy/-/daisy-0.2.0.tgz",
      "integrity": "sha512-vANeg5v9558aJ3u9pbniuPohSju05ObfCMVFRIjxEA52sSN7lWAf015CtZqhcFVacGSzCkITsUXjVillw44+cw==",
      "dev": true,
      "dependencies": {
        "amqp": "git+https://github.com/postwait/node-amqp",
        "async": "0.1.x",
        "beanpoll": "<0.3.0",
        "cashew": "0.0.5",
        "colors": "0.5.1",
        "crema": "*",
        "mesh-winston": "0.0.x",
        "plugin": "<0.2.0",
        "sprintf": "0.1.x",
        "structr": "<0.2.0",
        "underscore": "1.2.2",
        "vine": "<0.1.0",
        "yaconfig": "<=0.1.0"
      },
      "bin": {
        "daisy": "bin/server"
      }
    },
    "node_modules/daisyui": {
      "version": "4.12.10",
      "resolved": "https://registry.npmjs.org/daisyui/-/daisyui-4.12.10.tgz",
      "integrity": "sha512-jp1RAuzbHhGdXmn957Z2XsTZStXGHzFfF0FgIOZj3Wv9sH7OZgLfXTRZNfKVYxltGUOBsG1kbWAdF5SrqjebvA==",
      "dev": true,
      "dependencies": {
        "css-selector-tokenizer": "^0.8",
        "culori": "^3",
        "picocolors": "^1",
        "postcss-js": "^4"
      },
      "engines": {
        "node": ">=16.9.0"
      },
      "funding": {
        "type": "opencollective",
        "url": "https://opencollective.com/daisyui"
      }
    },
    "node_modules/disposable": {
      "version": "0.0.5",
      "resolved": "https://registry.npmjs.org/disposable/-/disposable-0.0.5.tgz",
      "integrity": "sha512-5XuoIUIhZTB171c9XyveMGRorjnqRfi1MY1qG+L7rm7GVmZOQQ//VNhR9vxE2sxicwfjoFj0Aw6ECMuSvG6AwA=="
    },
    "node_modules/dolce": {
      "version": "0.0.14",
      "resolved": "https://registry.npmjs.org/dolce/-/dolce-0.0.14.tgz",
      "integrity": "sha512-dQxupQdmr5oSWrgE3vC0Y8qU5rrwBnFGAt5eY+iR9WPqRrfxtvtXUVVcX0NehcSovUVp6a+nea/V7PeY5STlVQ==",
      "dependencies": {
        "crema": "*",
        "sift": "*",
        "underscore": "1.2.x"
      },
      "engines": {
        "node": "*"
      }
    },
    "node_modules/dref": {
      "version": "0.0.6",
      "resolved": "https://registry.npmjs.org/dref/-/dref-0.0.6.tgz",
      "integrity": "sha512-mavsfoF9FiDt11eQccNaBpxRQUNHUOruQX732cYn/L7IJLLo5KXa/FsHwnx4Z2x8hMro9heTo+S/KccdU76J2Q==",
      "dependencies": {
        "dref": "0.0.x",
        "structr": "0.2.x",
        "type-component": "0.0.x"
      }
    },
    "node_modules/dref/node_modules/structr": {
      "version": "0.2.4",
      "resolved": "https://registry.npmjs.org/structr/-/structr-0.2.4.tgz",
      "integrity": "sha512-hL77hWtJhhuhDb4od5ywwAnVUlq9Krzk4BCoWhfiPtTEHvqBqRUm6lJ5PQlCrMWyi8Cv4+AXA/Mu6dbeTN/fGA=="
    },
    "node_modules/eyes": {
      "version": "0.1.8",
      "resolved": "https://registry.npmjs.org/eyes/-/eyes-0.1.8.tgz",
      "integrity": "sha512-GipyPsXO1anza0AOZdy69Im7hGFCNB7Y/NGjDlZGJ3GJJLtwNSb2vrzYrTYJRrRloVx7pl+bhUaTB8yiccPvFQ==",
      "engines": {
        "node": "> 0.1.90"
      }
    },
    "node_modules/fastparse": {
      "version": "1.1.2",
      "resolved": "https://registry.npmjs.org/fastparse/-/fastparse-1.1.2.tgz",
      "integrity": "sha512-483XLLxTVIwWK3QTrMGRqUfUpoOs/0hbQrl2oz4J0pAcm3A3bu84wxTFqGqkJzewCLdME38xJLJAxBABfQT8sQ==",
      "dev": true
    },
    "node_modules/lodash": {
      "version": "4.17.21",
      "resolved": "https://registry.npmjs.org/lodash/-/lodash-4.17.21.tgz",
      "integrity": "sha512-v2kDEe57lecTulaDIuNTPy3Ry4gLGJ6Z1O3vE1krgXZNrsQ+LFTGHVxVjcXPs17LhbZVGedAJv8XZ1tvj5FvSg=="
    },
    "node_modules/loggly": {
      "version": "0.3.11",
      "resolved": "https://registry.npmjs.org/loggly/-/loggly-0.3.11.tgz",
      "integrity": "sha512-WJBj6ymTQ2R8q7kSzz9quU0CfA2xtk88Ab3U3DzPSDs+W+LSCK/B9cEjh5oR+k5qjVgNAzs21rJxfDoyAX9gRw==",
      "dependencies": {
        "request": "2.9.x",
        "timespan": "2.x.x"
      },
      "engines": {
        "node": ">= 0.4.0"
      }
    },
    "node_modules/mesh-winston": {
      "version": "0.0.1",
      "resolved": "https://registry.npmjs.org/mesh-winston/-/mesh-winston-0.0.1.tgz",
      "integrity": "sha512-J7iM3CTH/j1fG2ytiedC/G1h9bYvBeb+B5cmi0tZwoM9abayI3NpmV5KbL97yJIQgGjIwVzlmtlFSFYHPvKPPQ==",
      "dependencies": {
        "winston": "0.5.x"
      }
    },
    "node_modules/nanoid": {
      "version": "3.3.7",
      "resolved": "https://registry.npmjs.org/nanoid/-/nanoid-3.3.7.tgz",
      "integrity": "sha512-eSRppjcPIatRIMC1U6UngP8XFcz8MQWGQdt1MTBQ7NaAmvXDfvNxbvWV3x2y6CdEUciCSsDHDQZbhYaB8QEo2g==",
      "dev": true,
      "funding": [
        {
          "type": "github",
          "url": "https://github.com/sponsors/ai"
        }
      ],
      "peer": true,
      "bin": {
        "nanoid": "bin/nanoid.cjs"
      },
      "engines": {
        "node": "^10 || ^12 || ^13.7 || ^14 || >=15.0.1"
      }
    },
    "node_modules/node-fs": {
      "version": "0.1.7",
      "resolved": "https://registry.npmjs.org/node-fs/-/node-fs-0.1.7.tgz",
      "integrity": "sha512-XqDBlmUKgDGe76+lZ/0sRBF3XW2vVcK07+ZPvdpUTK8jrvtPahUd0aBqJ9+ZjB01ANjZLuvK3O/eoMVmz62rpA==",
      "os": [
        "linux",
        "darwin",
        "freebsd",
        "win32",
        "smartos",
        "sunos"
      ],
      "engines": {
        "node": ">=0.1.97"
      }
    },
    "node_modules/outcome": {
      "version": "0.0.18",
      "resolved": "https://registry.npmjs.org/outcome/-/outcome-0.0.18.tgz",
      "integrity": "sha512-r5lBTvoSOO1a4J/bjCy5wOKs0CUEp4+DlL3WnGLgnpWLzNVF7KIUPlYUETbZ81IQHWmvVDZ8c1913uQW65ePNg=="
    },
    "node_modules/picocolors": {
      "version": "1.1.0",
      "resolved": "https://registry.npmjs.org/picocolors/-/picocolors-1.1.0.tgz",
      "integrity": "sha512-TQ92mBOW0l3LeMeyLV6mzy/kWr8lkd/hp3mTg7wYK7zJhuBStmGMBG0BdeDZS/dZx1IukaX6Bk11zcln25o1Aw==",
      "dev": true
    },
    "node_modules/pkginfo": {
      "version": "0.2.3",
      "resolved": "https://registry.npmjs.org/pkginfo/-/pkginfo-0.2.3.tgz",
      "integrity": "sha512-7W7wTrE/NsY8xv/DTGjwNIyNah81EQH0MWcTzrHL6pOpMocOGZc0Mbdz9aXxSrp+U0mSmkU8jrNCDCfUs3sOBg==",
      "engines": {
        "node": ">= 0.4.0"
      }
    },
    "node_modules/plugin": {
      "version": "0.1.0",
      "resolved": "https://registry.npmjs.org/plugin/-/plugin-0.1.0.tgz",
      "integrity": "sha512-ePcWbqO8R4n21rjOsdvl7MWbiJe7Z6fUFbNzPPFOddyARfTQmEiC1Ck4BQyibt276XdbdSIYlmlPevII2yG/vA==",
      "dependencies": {
        "dref": "0.0.x",
        "tq": "0.0.1",
        "underscore": "1.4.x"
      }
    },
    "node_modules/plugin/node_modules/underscore": {
      "version": "1.4.4",
      "resolved": "https://registry.npmjs.org/underscore/-/underscore-1.4.4.tgz",
      "integrity": "sha512-ZqGrAgaqqZM7LGRzNjLnw5elevWb5M8LEoDMadxIW3OWbcv72wMMgKdwOKpd5Fqxe8choLD8HN3iSj3TUh/giQ=="
    },
    "node_modules/postcss": {
      "version": "8.4.47",
      "resolved": "https://registry.npmjs.org/postcss/-/postcss-8.4.47.tgz",
      "integrity": "sha512-56rxCq7G/XfB4EkXq9Egn5GCqugWvDFjafDOThIdMBsI15iqPqR5r15TfSr1YPYeEI19YeaXMCbY6u88Y76GLQ==",
      "dev": true,
      "funding": [
        {
          "type": "opencollective",
          "url": "https://opencollective.com/postcss/"
        },
        {
          "type": "tidelift",
          "url": "https://tidelift.com/funding/github/npm/postcss"
        },
        {
          "type": "github",
          "url": "https://github.com/sponsors/ai"
        }
      ],
      "peer": true,
      "dependencies": {
        "nanoid": "^3.3.7",
        "picocolors": "^1.1.0",
        "source-map-js": "^1.2.1"
      },
      "engines": {
        "node": "^10 || ^12 || >=14"
      }
    },
    "node_modules/postcss-js": {
      "version": "4.0.1",
      "resolved": "https://registry.npmjs.org/postcss-js/-/postcss-js-4.0.1.tgz",
      "integrity": "sha512-dDLF8pEO191hJMtlHFPRa8xsizHaM82MLfNkUHdUtVEV3tgTp5oj+8qbEqYM57SLfc74KSbw//4SeJma2LRVIw==",
      "dev": true,
      "dependencies": {
        "camelcase-css": "^2.0.1"
      },
      "engines": {
        "node": "^12 || ^14 || >= 16"
      },
      "funding": {
        "type": "opencollective",
        "url": "https://opencollective.com/postcss/"
      },
      "peerDependencies": {
        "postcss": "^8.4.21"
      }
    },
    "node_modules/request": {
      "version": "2.9.203",
      "resolved": "https://registry.npmjs.org/request/-/request-2.9.203.tgz",
      "integrity": "sha512-OWtna9w7yRI/gcfu3VaURgIwE1FHgbz5+fHGQ9GJTHcJ4+uvHnDjXd+N7mVDOv5+1fp1CRPzUSY2wcM345Z2Fw==",
      "deprecated": "request has been deprecated, see https://github.com/request/request/issues/3142",
      "engines": [
        "node >= 0.3.6"
      ]
    },
    "node_modules/sift": {
      "version": "17.1.3",
      "resolved": "https://registry.npmjs.org/sift/-/sift-17.1.3.tgz",
      "integrity": "sha512-Rtlj66/b0ICeFzYTuNvX/EF1igRbbnGSvEyT79McoZa/DeGhMyC5pWKOEsZKnpkqtSeovd5FL/bjHWC3CIIvCQ=="
    },
    "node_modules/source-map-js": {
      "version": "1.2.1",
      "resolved": "https://registry.npmjs.org/source-map-js/-/source-map-js-1.2.1.tgz",
      "integrity": "sha512-UXWMKhLOwVKb728IUtQPXxfYU+usdybtUrK/8uGE8CQMvrhOpwvzDBwj0QhSL7MQc7vIsISBG8VQ8+IDQxpfQA==",
      "dev": true,
      "peer": true,
      "engines": {
        "node": ">=0.10.0"
      }
    },
    "node_modules/sprintf": {
      "version": "0.1.5",
      "resolved": "https://registry.npmjs.org/sprintf/-/sprintf-0.1.5.tgz",
      "integrity": "sha512-4X5KsuXFQ7f+d7Y+bi4qSb6eI+YoifDTGr0MQJXRoYO7BO7evfRCjds6kk3z7l5CiJYxgDN1x5Er4WiyCt+zTQ==",
      "deprecated": "The sprintf package is deprecated in favor of sprintf-js.",
      "engines": {
        "node": ">=0.2.4"
      }
    },
    "node_modules/stack-trace": {
      "version": "0.0.10",
      "resolved": "https://registry.npmjs.org/stack-trace/-/stack-trace-0.0.10.tgz",
      "integrity": "sha512-KGzahc7puUKkzyMt+IqAep+TVNbKP+k2Lmwhub39m1AsTSkaDutx56aDCo+HLDzf/D26BIHTJWNiTG1KAJiQCg==",
      "engines": {
        "node": "*"
      }
    },
    "node_modules/strscanner": {
      "version": "0.0.8",
      "resolved": "https://registry.npmjs.org/strscanner/-/strscanner-0.0.8.tgz",
      "integrity": "sha512-bqMF+H0MCTeJL7s3SIyjERIS3QBiKnP0MzwgblGT8liwCEUmgI7eZwGeUnyv63vdFAenBQijTOOSij5uaeaVPA=="
    },
    "node_modules/structr": {
      "version": "0.1.3",
      "resolved": "https://registry.npmjs.org/structr/-/structr-0.1.3.tgz",
      "integrity": "sha512-znPaOEu3fGRRboN+Kv+WCTlyONdoXahDJBlN9Gp38RcF0nJMGVfOh1z9vUOSBUkqVRrbhjMtDw1IbMIR9KpvsA==",
      "engines": {
        "node": "*"
      }
    },
    "node_modules/timespan": {
      "version": "2.3.0",
      "resolved": "https://registry.npmjs.org/timespan/-/timespan-2.3.0.tgz",
      "integrity": "sha512-0Jq9+58T2wbOyLth0EU+AUb6JMGCLaTWIykJFa7hyAybjVH9gpVMTfUAwo5fWAvtFt2Tjh/Elg8JtgNpnMnM8g==",
      "engines": {
        "node": ">= 0.2.0"
      }
    },
    "node_modules/tq": {
      "version": "0.0.1",
      "resolved": "https://registry.npmjs.org/tq/-/tq-0.0.1.tgz",
      "integrity": "sha512-/barswvWpVqZrv+7n5D6WJA6jzY1SwuWpq+XV+Dr+SptUVo/lsAsRY7IJwlgH0+lvbC4AV721XefvS9I1QB/Mw==",
      "engines": {
        "node": "*"
      }
    },
    "node_modules/type-component": {
      "version": "0.0.1",
      "resolved": "https://registry.npmjs.org/type-component/-/type-component-0.0.1.tgz",
      "integrity": "sha512-mDZRBQS2yZkwRQKfjJvQ8UIYJeBNNWCq+HBNstl9N5s9jZ4dkVYXEGkVPsSCEh5Ld4JM1kmrZTzjnrqSAIQ7dw=="
    },
    "node_modules/underscore": {
      "version": "1.2.2",
      "resolved": "https://registry.npmjs.org/underscore/-/underscore-1.2.2.tgz",
      "integrity": "sha512-0ZPqh7Xo92duNMAWHcyUSfnFZ93MNgSMcmJp8uzpd976ryIEiw8BvdCZByfw7efNMDMMlJn8bTicsKx9e+3xEw==",
      "engines": {
        "node": "*"
      }
    },
    "node_modules/vine": {
      "version": "0.0.14",
      "resolved": "https://registry.npmjs.org/vine/-/vine-0.0.14.tgz",
      "integrity": "sha512-XKImQtD9UyGMkxcvd/pPp2bwQKTS51f/9EBfRszrO3P1PSnu2ts/TiA/LoTTS3EBDnvXvM+WFBUDaPrNou+jPQ==",
      "dependencies": {
        "outcome": "*"
      },
      "engines": {
        "node": "*"
      }
    },
    "node_modules/winston": {
      "version": "0.5.11",
      "resolved": "https://registry.npmjs.org/winston/-/winston-0.5.11.tgz",
      "integrity": "sha512-FMT2tIMlKTEU5v3fHDKH2yI2vyTp6vh+6hxWmjYhkrLzZyoA+Jb/Eswg3bD+oKLFfms66TP6hCfYYVbZHpRJWQ==",
      "dependencies": {
        "async": "0.1.x",
        "colors": "0.x.x",
        "eyes": "0.1.x",
        "loggly": "0.3.x >=0.3.7",
        "pkginfo": "0.2.x",
        "stack-trace": "0.0.x"
      },
      "engines": {
        "node": ">= 0.4.0"
      }
    },
    "node_modules/yaconfig": {
      "version": "0.0.4",
      "resolved": "https://registry.npmjs.org/yaconfig/-/yaconfig-0.0.4.tgz",
      "integrity": "sha512-sZgeMgzBhVUOQxpejLypAwEblso7V2o+pSQO5QPUSuJdEW32rqbpOPzZP9Bn/sKFKxlmYMwCqwwZXdL2ecXhSQ==",
      "dependencies": {
        "node-fs": "*",
        "underscore": "*"
      },
      "engines": {
        "node": "*"
      }
    }
  },
  "dependencies": {
    "amqp": {
      "version": "git+ssh://git@github.com/postwait/node-amqp.git#0bc3ffab79dd62f3579571579e3e52a4eb2df0c1",
      "from": "amqp@^0.2.7",
      "requires": {
        "lodash": "^4.0.0"
      }
    },
    "async": {
      "version": "0.1.22",
      "resolved": "https://registry.npmjs.org/async/-/async-0.1.22.tgz",
      "integrity": "sha512-2tEzliJmf5fHNafNwQLJXUasGzQCVctvsNkXmnlELHwypU0p08/rHohYvkqKIjyXpx+0rkrYv6QbhJ+UF4QkBg=="
    },
    "beanpoll": {
      "version": "0.2.19",
      "resolved": "https://registry.npmjs.org/beanpoll/-/beanpoll-0.2.19.tgz",
      "integrity": "sha512-YBV1sLvQCePu2JkIbsV+1WexA2i8ssos4rPxX2vQjJhqWgSK906lhyDTyqPd2YZAT3WCLaeM56x4bEjiAktfhA==",
      "requires": {
        "comerr": "0.0.x",
        "crema": "<0.2.0",
        "disposable": "*",
        "dolce": "<0.2.0",
        "outcome": "<0.2.0",
        "underscore": "*"
      }
    },
    "camelcase-css": {
      "version": "2.0.1",
      "resolved": "https://registry.npmjs.org/camelcase-css/-/camelcase-css-2.0.1.tgz",
      "integrity": "sha512-QOSvevhslijgYwRx6Rv7zKdMF8lbRmx+uQGx2+vDc+KI/eBnsy9kit5aj23AgGu3pa4t9AgwbnXWqS+iOY+2aA==",
      "dev": true
    },
    "cashew": {
      "version": "0.0.5",
      "resolved": "https://registry.npmjs.org/cashew/-/cashew-0.0.5.tgz",
      "integrity": "sha512-Wz1ZeO+35S0ZpUre9JhvQQklxMM/miMbj7K2VF262iMXoP6fu1fBGolGRdCCA3rOjE4vEXWLyWasCHykIkRNug==",
      "requires": {
        "structr": "*"
      }
    },
    "colors": {
      "version": "0.5.1",
      "resolved": "https://registry.npmjs.org/colors/-/colors-0.5.1.tgz",
      "integrity": "sha512-XjsuUwpDeY98+yz959OlUK6m7mLBM+1MEG5oaenfuQnNnrQk1WvtcvFgN3FNDP3f2NmZ211t0mNEfSEN1h0eIg=="
    },
    "comerr": {
      "version": "0.0.9",
      "resolved": "https://registry.npmjs.org/comerr/-/comerr-0.0.9.tgz",
      "integrity": "sha512-jVoXtdEY1ntDzwARfeqUoQG1MNNVsIz2jjeM2m6PLkvJoJlhZoo0SAtOCUAvtrPI4wGskrzpkXTOpXk5FyIejQ=="
    },
    "crema": {
      "version": "0.1.5",
      "resolved": "https://registry.npmjs.org/crema/-/crema-0.1.5.tgz",
      "integrity": "sha512-GUZY3C6YM9+13yiu1pzVBIt4fKWuWmbcY9Vh6exxHQIdxK/OXNg+gP3CVhjRhesQt/pD1+iCaiZ08BZROTGDGg==",
      "requires": {
        "strscanner": "0.0.x"
      }
    },
    "css-selector-tokenizer": {
      "version": "0.8.0",
      "resolved": "https://registry.npmjs.org/css-selector-tokenizer/-/css-selector-tokenizer-0.8.0.tgz",
      "integrity": "sha512-Jd6Ig3/pe62/qe5SBPTN8h8LeUg/pT4lLgtavPf7updwwHpvFzxvOQBHYj2LZDMjUnBzgvIUSjRcf6oT5HzHFg==",
      "dev": true,
      "requires": {
        "cssesc": "^3.0.0",
        "fastparse": "^1.1.2"
      }
    },
    "cssesc": {
      "version": "3.0.0",
      "resolved": "https://registry.npmjs.org/cssesc/-/cssesc-3.0.0.tgz",
      "integrity": "sha512-/Tb/JcjK111nNScGob5MNtsntNM1aCNUDipB/TkwZFhyDrrE47SOx/18wF2bbjgc3ZzCSKW1T5nt5EbFoAz/Vg==",
      "dev": true
    },
    "culori": {
      "version": "3.3.0",
      "resolved": "https://registry.npmjs.org/culori/-/culori-3.3.0.tgz",
      "integrity": "sha512-pHJg+jbuFsCjz9iclQBqyL3B2HLCBF71BwVNujUYEvCeQMvV97R59MNK3R2+jgJ3a1fcZgI9B3vYgz8lzr/BFQ==",
      "dev": true
    },
    "daisy": {
      "version": "0.2.0",
      "resolved": "https://registry.npmjs.org/daisy/-/daisy-0.2.0.tgz",
      "integrity": "sha512-vANeg5v9558aJ3u9pbniuPohSju05ObfCMVFRIjxEA52sSN7lWAf015CtZqhcFVacGSzCkITsUXjVillw44+cw==",
      "dev": true,
      "requires": {
        "amqp": "git+https://github.com/postwait/node-amqp",
        "async": "0.1.x",
        "beanpoll": "<0.3.0",
        "cashew": "0.0.5",
        "colors": "0.5.1",
        "crema": "*",
        "mesh-winston": "0.0.x",
        "plugin": "<0.2.0",
        "sprintf": "0.1.x",
        "structr": "<0.2.0",
        "underscore": "1.2.2",
        "vine": "<0.1.0",
        "yaconfig": "<=0.1.0"
      }
    },
    "daisyui": {
      "version": "4.12.10",
      "resolved": "https://registry.npmjs.org/daisyui/-/daisyui-4.12.10.tgz",
      "integrity": "sha512-jp1RAuzbHhGdXmn957Z2XsTZStXGHzFfF0FgIOZj3Wv9sH7OZgLfXTRZNfKVYxltGUOBsG1kbWAdF5SrqjebvA==",
      "dev": true,
      "requires": {
        "css-selector-tokenizer": "^0.8",
        "culori": "^3",
        "picocolors": "^1",
        "postcss-js": "^4"
      }
    },
    "disposable": {
      "version": "0.0.5",
      "resolved": "https://registry.npmjs.org/disposable/-/disposable-0.0.5.tgz",
      "integrity": "sha512-5XuoIUIhZTB171c9XyveMGRorjnqRfi1MY1qG+L7rm7GVmZOQQ//VNhR9vxE2sxicwfjoFj0Aw6ECMuSvG6AwA=="
    },
    "dolce": {
      "version": "0.0.14",
      "resolved": "https://registry.npmjs.org/dolce/-/dolce-0.0.14.tgz",
      "integrity": "sha512-dQxupQdmr5oSWrgE3vC0Y8qU5rrwBnFGAt5eY+iR9WPqRrfxtvtXUVVcX0NehcSovUVp6a+nea/V7PeY5STlVQ==",
      "requires": {
        "crema": "*",
        "sift": "*",
        "underscore": "1.2.x"
      }
    },
    "dref": {
      "version": "0.0.6",
      "resolved": "https://registry.npmjs.org/dref/-/dref-0.0.6.tgz",
      "integrity": "sha512-mavsfoF9FiDt11eQccNaBpxRQUNHUOruQX732cYn/L7IJLLo5KXa/FsHwnx4Z2x8hMro9heTo+S/KccdU76J2Q==",
      "requires": {
        "dref": "0.0.x",
        "structr": "0.2.x",
        "type-component": "0.0.x"
      },
      "dependencies": {
        "structr": {
          "version": "0.2.4",
          "resolved": "https://registry.npmjs.org/structr/-/structr-0.2.4.tgz",
          "integrity": "sha512-hL77hWtJhhuhDb4od5ywwAnVUlq9Krzk4BCoWhfiPtTEHvqBqRUm6lJ5PQlCrMWyi8Cv4+AXA/Mu6dbeTN/fGA=="
        }
      }
    },
    "eyes": {
      "version": "0.1.8",
      "resolved": "https://registry.npmjs.org/eyes/-/eyes-0.1.8.tgz",
      "integrity": "sha512-GipyPsXO1anza0AOZdy69Im7hGFCNB7Y/NGjDlZGJ3GJJLtwNSb2vrzYrTYJRrRloVx7pl+bhUaTB8yiccPvFQ=="
    },
    "fastparse": {
      "version": "1.1.2",
      "resolved": "https://registry.npmjs.org/fastparse/-/fastparse-1.1.2.tgz",
      "integrity": "sha512-483XLLxTVIwWK3QTrMGRqUfUpoOs/0hbQrl2oz4J0pAcm3A3bu84wxTFqGqkJzewCLdME38xJLJAxBABfQT8sQ==",
      "dev": true
    },
    "lodash": {
      "version": "4.17.21",
      "resolved": "https://registry.npmjs.org/lodash/-/lodash-4.17.21.tgz",
      "integrity": "sha512-v2kDEe57lecTulaDIuNTPy3Ry4gLGJ6Z1O3vE1krgXZNrsQ+LFTGHVxVjcXPs17LhbZVGedAJv8XZ1tvj5FvSg=="
    },
    "loggly": {
      "version": "0.3.11",
      "resolved": "https://registry.npmjs.org/loggly/-/loggly-0.3.11.tgz",
      "integrity": "sha512-WJBj6ymTQ2R8q7kSzz9quU0CfA2xtk88Ab3U3DzPSDs+W+LSCK/B9cEjh5oR+k5qjVgNAzs21rJxfDoyAX9gRw==",
      "requires": {
        "request": "2.9.x",
        "timespan": "2.x.x"
      }
    },
    "mesh-winston": {
      "version": "0.0.1",
      "resolved": "https://registry.npmjs.org/mesh-winston/-/mesh-winston-0.0.1.tgz",
      "integrity": "sha512-J7iM3CTH/j1fG2ytiedC/G1h9bYvBeb+B5cmi0tZwoM9abayI3NpmV5KbL97yJIQgGjIwVzlmtlFSFYHPvKPPQ==",
      "requires": {
        "winston": "0.5.x"
      }
    },
    "nanoid": {
      "version": "3.3.7",
      "resolved": "https://registry.npmjs.org/nanoid/-/nanoid-3.3.7.tgz",
      "integrity": "sha512-eSRppjcPIatRIMC1U6UngP8XFcz8MQWGQdt1MTBQ7NaAmvXDfvNxbvWV3x2y6CdEUciCSsDHDQZbhYaB8QEo2g==",
      "dev": true,
      "peer": true
    },
    "node-fs": {
      "version": "0.1.7",
      "resolved": "https://registry.npmjs.org/node-fs/-/node-fs-0.1.7.tgz",
      "integrity": "sha512-XqDBlmUKgDGe76+lZ/0sRBF3XW2vVcK07+ZPvdpUTK8jrvtPahUd0aBqJ9+ZjB01ANjZLuvK3O/eoMVmz62rpA=="
    },
    "outcome": {
      "version": "0.0.18",
      "resolved": "https://registry.npmjs.org/outcome/-/outcome-0.0.18.tgz",
      "integrity": "sha512-r5lBTvoSOO1a4J/bjCy5wOKs0CUEp4+DlL3WnGLgnpWLzNVF7KIUPlYUETbZ81IQHWmvVDZ8c1913uQW65ePNg=="
    },
    "picocolors": {
      "version": "1.1.0",
      "resolved": "https://registry.npmjs.org/picocolors/-/picocolors-1.1.0.tgz",
      "integrity": "sha512-TQ92mBOW0l3LeMeyLV6mzy/kWr8lkd/hp3mTg7wYK7zJhuBStmGMBG0BdeDZS/dZx1IukaX6Bk11zcln25o1Aw==",
      "dev": true
    },
    "pkginfo": {
      "version": "0.2.3",
      "resolved": "https://registry.npmjs.org/pkginfo/-/pkginfo-0.2.3.tgz",
      "integrity": "sha512-7W7wTrE/NsY8xv/DTGjwNIyNah81EQH0MWcTzrHL6pOpMocOGZc0Mbdz9aXxSrp+U0mSmkU8jrNCDCfUs3sOBg=="
    },
    "plugin": {
      "version": "0.1.0",
      "resolved": "https://registry.npmjs.org/plugin/-/plugin-0.1.0.tgz",
      "integrity": "sha512-ePcWbqO8R4n21rjOsdvl7MWbiJe7Z6fUFbNzPPFOddyARfTQmEiC1Ck4BQyibt276XdbdSIYlmlPevII2yG/vA==",
      "requires": {
        "dref": "0.0.x",
        "tq": "0.0.1",
        "underscore": "1.4.x"
      },
      "dependencies": {
        "underscore": {
          "version": "1.4.4",
          "resolved": "https://registry.npmjs.org/underscore/-/underscore-1.4.4.tgz",
          "integrity": "sha512-ZqGrAgaqqZM7LGRzNjLnw5elevWb5M8LEoDMadxIW3OWbcv72wMMgKdwOKpd5Fqxe8choLD8HN3iSj3TUh/giQ=="
        }
      }
    },
    "postcss": {
      "version": "8.4.47",
      "resolved": "https://registry.npmjs.org/postcss/-/postcss-8.4.47.tgz",
      "integrity": "sha512-56rxCq7G/XfB4EkXq9Egn5GCqugWvDFjafDOThIdMBsI15iqPqR5r15TfSr1YPYeEI19YeaXMCbY6u88Y76GLQ==",
      "dev": true,
      "peer": true,
      "requires": {
        "nanoid": "^3.3.7",
        "picocolors": "^1.1.0",
        "source-map-js": "^1.2.1"
      }
    },
    "postcss-js": {
      "version": "4.0.1",
      "resolved": "https://registry.npmjs.org/postcss-js/-/postcss-js-4.0.1.tgz",
      "integrity": "sha512-dDLF8pEO191hJMtlHFPRa8xsizHaM82MLfNkUHdUtVEV3tgTp5oj+8qbEqYM57SLfc74KSbw//4SeJma2LRVIw==",
      "dev": true,
      "requires": {
        "camelcase-css": "^2.0.1"
      }
    },
    "request": {
      "version": "2.9.203",
      "resolved": "https://registry.npmjs.org/request/-/request-2.9.203.tgz",
      "integrity": "sha512-OWtna9w7yRI/gcfu3VaURgIwE1FHgbz5+fHGQ9GJTHcJ4+uvHnDjXd+N7mVDOv5+1fp1CRPzUSY2wcM345Z2Fw=="
    },
    "sift": {
      "version": "17.1.3",
      "resolved": "https://registry.npmjs.org/sift/-/sift-17.1.3.tgz",
      "integrity": "sha512-Rtlj66/b0ICeFzYTuNvX/EF1igRbbnGSvEyT79McoZa/DeGhMyC5pWKOEsZKnpkqtSeovd5FL/bjHWC3CIIvCQ=="
    },
    "source-map-js": {
      "version": "1.2.1",
      "resolved": "https://registry.npmjs.org/source-map-js/-/source-map-js-1.2.1.tgz",
      "integrity": "sha512-UXWMKhLOwVKb728IUtQPXxfYU+usdybtUrK/8uGE8CQMvrhOpwvzDBwj0QhSL7MQc7vIsISBG8VQ8+IDQxpfQA==",
      "dev": true,
      "peer": true
    },
    "sprintf": {
      "version": "0.1.5",
      "resolved": "https://registry.npmjs.org/sprintf/-/sprintf-0.1.5.tgz",
      "integrity": "sha512-4X5KsuXFQ7f+d7Y+bi4qSb6eI+YoifDTGr0MQJXRoYO7BO7evfRCjds6kk3z7l5CiJYxgDN1x5Er4WiyCt+zTQ=="
    },
    "stack-trace": {
      "version": "0.0.10",
      "resolved": "https://registry.npmjs.org/stack-trace/-/stack-trace-0.0.10.tgz",
      "integrity": "sha512-KGzahc7puUKkzyMt+IqAep+TVNbKP+k2Lmwhub39m1AsTSkaDutx56aDCo+HLDzf/D26BIHTJWNiTG1KAJiQCg=="
    },
    "strscanner": {
      "version": "0.0.8",
      "resolved": "https://registry.npmjs.org/strscanner/-/strscanner-0.0.8.tgz",
      "integrity": "sha512-bqMF+H0MCTeJL7s3SIyjERIS3QBiKnP0MzwgblGT8liwCEUmgI7eZwGeUnyv63vdFAenBQijTOOSij5uaeaVPA=="
    },
    "structr": {
      "version": "0.1.3",
      "resolved": "https://registry.npmjs.org/structr/-/structr-0.1.3.tgz",
      "integrity": "sha512-znPaOEu3fGRRboN+Kv+WCTlyONdoXahDJBlN9Gp38RcF0nJMGVfOh1z9vUOSBUkqVRrbhjMtDw1IbMIR9KpvsA=="
    },
    "timespan": {
      "version": "2.3.0",
      "resolved": "https://registry.npmjs.org/timespan/-/timespan-2.3.0.tgz",
      "integrity": "sha512-0Jq9+58T2wbOyLth0EU+AUb6JMGCLaTWIykJFa7hyAybjVH9gpVMTfUAwo5fWAvtFt2Tjh/Elg8JtgNpnMnM8g=="
    },
    "tq": {
      "version": "0.0.1",
      "resolved": "https://registry.npmjs.org/tq/-/tq-0.0.1.tgz",
      "integrity": "sha512-/barswvWpVqZrv+7n5D6WJA6jzY1SwuWpq+XV+Dr+SptUVo/lsAsRY7IJwlgH0+lvbC4AV721XefvS9I1QB/Mw=="
    },
    "type-component": {
      "version": "0.0.1",
      "resolved": "https://registry.npmjs.org/type-component/-/type-component-0.0.1.tgz",
      "integrity": "sha512-mDZRBQS2yZkwRQKfjJvQ8UIYJeBNNWCq+HBNstl9N5s9jZ4dkVYXEGkVPsSCEh5Ld4JM1kmrZTzjnrqSAIQ7dw=="
    },
    "underscore": {
      "version": "1.2.2",
      "resolved": "https://registry.npmjs.org/underscore/-/underscore-1.2.2.tgz",
      "integrity": "sha512-0ZPqh7Xo92duNMAWHcyUSfnFZ93MNgSMcmJp8uzpd976ryIEiw8BvdCZByfw7efNMDMMlJn8bTicsKx9e+3xEw=="
    },
    "vine": {
      "version": "0.0.14",
      "resolved": "https://registry.npmjs.org/vine/-/vine-0.0.14.tgz",
      "integrity": "sha512-XKImQtD9UyGMkxcvd/pPp2bwQKTS51f/9EBfRszrO3P1PSnu2ts/TiA/LoTTS3EBDnvXvM+WFBUDaPrNou+jPQ==",
      "requires": {
        "outcome": "*"
      }
    },
    "winston": {
      "version": "0.5.11",
      "resolved": "https://registry.npmjs.org/winston/-/winston-0.5.11.tgz",
      "integrity": "sha512-FMT2tIMlKTEU5v3fHDKH2yI2vyTp6vh+6hxWmjYhkrLzZyoA+Jb/Eswg3bD+oKLFfms66TP6hCfYYVbZHpRJWQ==",
      "requires": {
        "async": "0.1.x",
        "colors": "0.x.x",
        "eyes": "0.1.x",
        "loggly": "0.3.x >=0.3.7",
        "pkginfo": "0.2.x",
        "stack-trace": "0.0.x"
      }
    },
    "yaconfig": {
      "version": "0.0.4",
      "resolved": "https://registry.npmjs.org/yaconfig/-/yaconfig-0.0.4.tgz",
      "integrity": "sha512-sZgeMgzBhVUOQxpejLypAwEblso7V2o+pSQO5QPUSuJdEW32rqbpOPzZP9Bn/sKFKxlmYMwCqwwZXdL2ecXhSQ==",
      "requires": {
        "node-fs": "*",
        "underscore": "*"
      }
    }
  }
}
